{
  "name": "cofhe-foundry-starter",
  "version": "0.1.0",
  "lockfileVersion": 3,
  "requires": true,
  "packages": {
    "": {
      "name": "cofhe-foundry-starter",
      "version": "0.1.0",
      "license": "MIT",
      "devDependencies": {
        "@cofhe/mock-contracts": "^0.4.0",
        "@fhenixprotocol/cofhe-contracts": "^0.1.0",
        "@openzeppelin/contracts": "^5.0.0",
        "forge-std": "github:foundry-rs/forge-std"
      }
    },
    "node_modules/@cofhe/mock-contracts": {
      "version": "0.4.0",
      "resolved": "https://registry.npmjs.org/@cofhe/mock-contracts/-/mock-contracts-0.4.0.tgz",
      "integrity": "sha512-yj/8d7fg7GhHVl/gjz8CYlRW7roGm2WIRCwp68vQZA7iaBTGOPzpvg15IRrmIUapJRka2pQLR7luYfUXYnsTYQ==",
      "dev": true,
      "license": "MIT",
      "dependencies": {
        "@fhenixprotocol/cofhe-contracts": "0.1.0",
        "@openzeppelin/contracts": "^5.0.0",
        "@openzeppelin/contracts-upgradeable": "^5.0.0"
      }
    },
    "node_modules/@cofhe/mock-contracts/node_modules/@fhenixprotocol/cofhe-contracts": {
      "version": "0.1.0",
      "resolved": "https://registry.npmjs.org/@fhenixprotocol/cofhe-contracts/-/cofhe-contracts-0.1.0.tgz",
      "integrity": "sha512-Nt5+bJtRgiT9lUrBXEEhJLttVtqO/Rk7wI5KC5+la1zGcYnCym/mT+ExlyjsX+Pf9cpE2Qje8nhfTDSMERGLtA==",
      "dev": true,
      "hasInstallScript": true,
      "dependencies": {
        "@openzeppelin/contracts": "^5.0.0"
      }
    },
    "node_modules/@fhenixprotocol/cofhe-contracts": {
      "version": "0.1.3",
      "resolved": "https://registry.npmjs.org/@fhenixprotocol/cofhe-contracts/-/cofhe-contracts-0.1.3.tgz",
      "integrity": "sha512-VegEHsy3a6DMHGlzhw5Xbqhp7zYvlK601z5VO5qQeeBjmOXEVhyWvVrpvmJgZfpDoT+bdCL19qExBJzKH5aYvA==",
      "dev": true,
      "hasInstallScript": true,
      "dependencies": {
        "@openzeppelin/contracts": "^5.0.0"
      }
    },
    "node_modules/@openzeppelin/contracts": {
      "version": "5.6.1",
      "resolved": "https://registry.npmjs.org/@openzeppelin/contracts/-/contracts-5.6.1.tgz",
      "integrity": "sha512-Ly6SlsVJ3mj+b18W3R8gNufB7dTICT105fJhodGAGgyC2oqnBAhqSiNDJ8V8DLY05cCz81GLI0CU5vNYA1EC/w==",
      "dev": true,
      "license": "MIT"
    },
    "node_modules/@openzeppelin/contracts-upgradeable": {
      "version": "5.6.1",
      "resolved": "https://registry.npmjs.org/@openzeppelin/contracts-upgradeable/-/contracts-upgradeable-5.6.1.tgz",
      "integrity": "sha512-n4a/vfRs114lXyUdYg7pyY8LvFKWvCDF5lEcRRAVxap8g6ZEdLqm+9tmt2zTtRHcNMxTYp9y5t6KBof4tHp7Og==",
      "dev": true,
      "license": "MIT",
      "peerDependencies": {
        "@openzeppelin/contracts": "5.6.1"
      }
    },
    "node_modules/forge-std": {
      "version": "1.15.0",
      "resolved": "git+ssh://git@github.com/foundry-rs/forge-std.git#4540e4aadda88eeb19a54d2b5ad2117c2c7632ec",
      "dev": true,
      "license": "(Apache-2.0 OR MIT)"
    }
  }
}
